
Microsoft Visual Studio Solution File, Format Version 12.00
# Visual Studio 15
VisualStudioVersion = 15.0.28307.1231
MinimumVisualStudioVersion = 10.0.40219.1
Project("{2150E333-8FDC-42A3-9474-1A3956D46DE8}") = "0_UI", "0_UI", "{024691F8-A4F9-4E72-AE1A-5740F3D46B79}"
EndProject
Project("{2150E333-8FDC-42A3-9474-1A3956D46DE8}") = "1_Services", "1_Services", "{FE699C4C-2A4A-4E5F-92C8-87D9154BEEA4}"
EndProject
Project("{9A19103F-16F7-4668-BE54-9A1E7A4F7556}") = "BGB.InternetBanking.Services", "BGB.InternetBanking.Services\BGB.InternetBanking.Services.csproj", "{774D4A5B-A065-4ED1-A513-333836183957}"
EndProject
Project("{9A19103F-16F7-4668-BE54-9A1E7A4F7556}") = "BGB.InternetBanking.Services.Interfaces", "BGB.InternetBanking.Services.Interfaces\BGB.InternetBanking.Services.Interfaces.csproj", "{6BCBECAB-DF27-462B-8E9A-1C1C7CECBACB}"
EndProject
Project("{2150E333-8FDC-42A3-9474-1A3956D46DE8}") = "2_Repositories", "2_Repositories", "{E0E05755-794D-4244-80F0-129414B90E82}"
EndProject
Project("{9A19103F-16F7-4668-BE54-9A1E7A4F7556}") = "BGB.InternetBanking.Repositories", "BGB.InternetBanking.Repositories\BGB.InternetBanking.Repositories.csproj", "{59DC4C8A-6BF9-424D-A1A2-4248D3AF665E}"
EndProject
Project("{9A19103F-16F7-4668-BE54-9A1E7A4F7556}") = "BGB.InternetBanking.Repositories.Interfaces", "BGB.InternetBanking.Repositories.Interfaces\BGB.InternetBanking.Repositories.Interfaces.csproj", "{FDA2FA88-8F74-4641-9D70-AA4D631EF97F}"
EndProject
Project("{9A19103F-16F7-4668-BE54-9A1E7A4F7556}") = "BGB.InternetBanking.Models", "BGB.InternetBanking.Models\BGB.InternetBanking.Models.csproj", "{AFE26C2B-1EE8-471A-95AF-99AD02C26A7F}"
EndProject
Global
	GlobalSection(SolutionConfigurationPlatforms) = preSolution
		Debug|Any CPU = Debug|Any CPU
		Release|Any CPU = Release|Any CPU
	EndGlobalSection
	GlobalSection(ProjectConfigurationPlatforms) = postSolution
		{774D4A5B-A065-4ED1-A513-333836183957}.Debug|Any CPU.ActiveCfg = Debug|Any CPU
		{774D4A5B-A065-4ED1-A513-333836183957}.Debug|Any CPU.Build.0 = Debug|Any CPU
		{774D4A5B-A065-4ED1-A513-333836183957}.Release|Any CPU.ActiveCfg = Release|Any CPU
		{774D4A5B-A065-4ED1-A513-333836183957}.Release|Any CPU.Build.0 = Release|Any CPU
		{6BCBECAB-DF27-462B-8E9A-1C1C7CECBACB}.Debug|Any CPU.ActiveCfg = Debug|Any CPU
		{6BCBECAB-DF27-462B-8E9A-1C1C7CECBACB}.Debug|Any CPU.Build.0 = Debug|Any CPU
		{6BCBECAB-DF27-462B-8E9A-1C1C7CECBACB}.Release|Any CPU.ActiveCfg = Release|Any CPU
		{6BCBECAB-DF27-462B-8E9A-1C1C7CECBACB}.Release|Any CPU.Build.0 = Release|Any CPU
		{59DC4C8A-6BF9-424D-A1A2-4248D3AF665E}.Debug|Any CPU.ActiveCfg = Debug|Any CPU
		{59DC4C8A-6BF9-424D-A1A2-4248D3AF665E}.Debug|Any CPU.Build.0 = Debug|Any CPU
		{59DC4C8A-6BF9-424D-A1A2-4248D3AF665E}.Release|Any CPU.ActiveCfg = Release|Any CPU
		{59DC4C8A-6BF9-424D-A1A2-4248D3AF665E}.Release|Any CPU.Build.0 = Release|Any CPU
		{FDA2FA88-8F74-4641-9D70-AA4D631EF97F}.Debug|Any CPU.ActiveCfg = Debug|Any CPU
		{FDA2FA88-8F74-4641-9D70-AA4D631EF97F}.Debug|Any CPU.Build.0 = Debug|Any CPU
		{FDA2FA88-8F74-4641-9D70-AA4D631EF97F}.Release|Any CPU.ActiveCfg = Release|Any CPU
		{FDA2FA88-8F74-4641-9D70-AA4D631EF97F}.Release|Any CPU.Build.0 = Release|Any CPU
		{AFE26C2B-1EE8-471A-95AF-99AD02C26A7F}.Debug|Any CPU.ActiveCfg = Debug|Any CPU
		{AFE26C2B-1EE8-471A-95AF-99AD02C26A7F}.Debug|Any CPU.Build.0 = Debug|Any CPU
		{AFE26C2B-1EE8-471A-95AF-99AD02C26A7F}.Release|Any CPU.ActiveCfg = Release|Any CPU
		{AFE26C2B-1EE8-471A-95AF-99AD02C26A7F}.Release|Any CPU.Build.0 = Release|Any CPU
	EndGlobalSection
	GlobalSection(SolutionProperties) = preSolution
		HideSolutionNode = FALSE
	EndGlobalSection
	GlobalSection(NestedProjects) = preSolution
		{774D4A5B-A065-4ED1-A513-333836183957} = {FE699C4C-2A4A-4E5F-92C8-87D9154BEEA4}
		{6BCBECAB-DF27-462B-8E9A-1C1C7CECBACB} = {FE699C4C-2A4A-4E5F-92C8-87D9154BEEA4}
		{59DC4C8A-6BF9-424D-A1A2-4248D3AF665E} = {E0E05755-794D-4244-80F0-129414B90E82}
		{FDA2FA88-8F74-4641-9D70-AA4D631EF97F} = {E0E05755-794D-4244-80F0-129414B90E82}
	EndGlobalSection
	GlobalSection(ExtensibilityGlobals) = postSolution
		SolutionGuid = {3B1B7322-B940-4389-AAFC-7A7CCFFCB004}
	EndGlobalSection
EndGlobal
